{
  "name": "algjs",
  "version": "0.0.1",
  "lockfileVersion": 1,
  "requires": true,
  "dependencies": {
    "crypto-js": {
      "version": "3.2.1",
      "resolved": "https://registry.npmjs.org/crypto-js/-/crypto-js-3.2.1.tgz",
      "integrity": "sha512-fIEXOyiXnmPbPk2+q8t97VYDSo8naqvI+2v0AJeLraQzhuL/GZ2qgcRpEadVQ7r8pXwBOHVjwOdyAXYYb3DWiQ=="
    }
  }
}
